<?xml version="1.0" encoding="utf-8"?>
<Project ToolsVersion="4.0" xmlns="http://schemas.microsoft.com/developer/msbuild/2003">
  <ItemGroup>
    <Filter Include="Resource Files">
      <UniqueIdentifier>{67DA6AB6-F800-4c08-8B7A-83BB121AAD01}</UniqueIdentifier>
      <Extensions>rc;ico;cur;bmp;dlg;rc2;rct;bin;rgs;gif;jpg;jpeg;jpe;resx;tiff;tif;png;wav;mfcribbon-ms</Extensions>
    </Filter>
    <Filter Include="Commands">
      <UniqueIdentifier>{89f47d55-8582-4385-8c32-00ca208a8995}</UniqueIdentifier>
    </Filter>
    <Filter Include="Components">
      <UniqueIdentifier>{93995380-89BD-4b04-88EB-625FBE52EBFB}</UniqueIdentifier>
      <Extensions>h;hh;hpp;hxx;h++;hm;inl;inc;ipp;xsd</Extensions>
    </Filter>
    <Filter Include="Main files">
      <UniqueIdentifier>{4FC737F1-C7A5-4376-A066-2A32D752A2FF}</UniqueIdentifier>
      <Extensions>cpp;c;cc;cxx;c++;cppm;ixx;def;odl;idl;hpj;bat;asm;asmx</Extensions>
    </Filter>
  </ItemGroup>
  <ItemGroup>
    <ClCompile Include="Qbert.cpp">
      <Filter>Main files</Filter>
    </ClCompile>
    <ClCompile Include="Platform.cpp">
      <Filter>Components</Filter>
    </ClCompile>
    <ClCompile Include="CrossJump.cpp">
      <Filter>Components</Filter>
    </ClCompile>
    <ClCompile Include="JumpTopRight.cpp">
      <Filter>Commands</Filter>
    </ClCompile>
    <ClCompile Include="JumpBottomRight.cpp">
      <Filter>Commands</Filter>
    </ClCompile>
    <ClCompile Include="JumpTopLeft.cpp">
      <Filter>Commands</Filter>
    </ClCompile>
    <ClCompile Include="JumpBottomLeft.cpp">
      <Filter>Commands</Filter>
    </ClCompile>
    <ClCompile Include="QbertSounds.cpp">
      <Filter>Components</Filter>
    </ClCompile>
    <ClCompile Include="Coily.cpp">
      <Filter>Components</Filter>
    </ClCompile>
    <ClCompile Include="QbertSprite.cpp">
      <Filter>Components</Filter>
    </ClCompile>
    <ClCompile Include="ChangeTile.cpp">
      <Filter>Main files</Filter>
    </ClCompile>
    <ClCompile Include="QbertComponent.cpp">
      <Filter>Main files</Filter>
    </ClCompile>
    <ClCompile Include="Die.cpp">
      <Filter>Main files</Filter>
    </ClCompile>
    <ClCompile Include="LivesDisplay.cpp">
      <Filter>Main files</Filter>
    </ClCompile>
    <ClCompile Include="CoilyAI.cpp">
      <Filter>Main files</Filter>
    </ClCompile>
    <ClCompile Include="BallAI.cpp">
      <Filter>Main files</Filter>
    </ClCompile>
    <ClCompile Include="SpinningDisk.cpp">
      <Filter>Main files</Filter>
    </ClCompile>
  </ItemGroup>
  <ItemGroup>
    <ClInclude Include="Platform.h">
      <Filter>Components</Filter>
    </ClInclude>
    <ClInclude Include="CrossJump.h">
      <Filter>Components</Filter>
    </ClInclude>
    <ClInclude Include="JumpTopRight.h">
      <Filter>Commands</Filter>
    </ClInclude>
    <ClInclude Include="JumpBottomRight.h">
      <Filter>Commands</Filter>
    </ClInclude>
    <ClInclude Include="JumpTopLeft.h">
      <Filter>Commands</Filter>
    </ClInclude>
    <ClInclude Include="JumpBottomLeft.h">
      <Filter>Commands</Filter>
    </ClInclude>
    <ClInclude Include="QbertSounds.h">
      <Filter>Components</Filter>
    </ClInclude>
    <ClInclude Include="Coily.h">
      <Filter>Components</Filter>
    </ClInclude>
    <ClInclude Include="QbertSprite.h">
      <Filter>Components</Filter>
    </ClInclude>
    <ClInclude Include="ChangeTile.h">
      <Filter>Components</Filter>
    </ClInclude>
    <ClInclude Include="QbertComponent.h">
      <Filter>Components</Filter>
    </ClInclude>
    <ClInclude Include="Die.h">
      <Filter>Components</Filter>
    </ClInclude>
    <ClInclude Include="LivesDisplay.h">
      <Filter>Components</Filter>
    </ClInclude>
    <ClInclude Include="CoilyAI.h">
      <Filter>Components</Filter>
    </ClInclude>
    <ClInclude Include="BallAI.h">
      <Filter>Components</Filter>
    </ClInclude>
    <ClInclude Include="SpinningDisk.h">
      <Filter>Components</Filter>
    </ClInclude>
  </ItemGroup>
</Project>